
Microsoft Visual Studio Solution File, Format Version 12.00
# Visual Studio Version 16
VisualStudioVersion = 16.0.30204.135
MinimumVisualStudioVersion = 10.0.40219.1
Project("{FAE04EC0-301F-11D3-BF4B-00C04F79EFBC}") = "aspApplication01", "aspApplication01\aspApplication01.csproj", "{A8D113F9-40D4-4041-95F3-5692EE6301E3}"
EndProject
Global
	GlobalSection(SolutionConfigurationPlatforms) = preSolution
		Debug|Any CPU = Debug|Any CPU
		Release|Any CPU = Release|Any CPU
	EndGlobalSection
	GlobalSection(ProjectConfigurationPlatforms) = postSolution
		{A8D113F9-40D4-4041-95F3-5692EE6301E3}.Debug|Any CPU.ActiveCfg = Debug|Any CPU
		{A8D113F9-40D4-4041-95F3-5692EE6301E3}.Debug|Any CPU.Build.0 = Debug|Any CPU
		{A8D113F9-40D4-4041-95F3-5692EE6301E3}.Release|Any CPU.ActiveCfg = Release|Any CPU
		{A8D113F9-40D4-4041-95F3-5692EE6301E3}.Release|Any CPU.Build.0 = Release|Any CPU
	EndGlobalSection
	GlobalSection(SolutionProperties) = preSolution
		HideSolutionNode = FALSE
	EndGlobalSection
	GlobalSection(ExtensibilityGlobals) = postSolution
		SolutionGuid = {AFDBB2B1-FB51-4711-B64F-33C37126F459}
	EndGlobalSection
EndGlobal
